{
    "_readme": [
        "This file locks the dependencies of your project to a known state",
        "Read more about it at https://getcomposer.org/doc/01-basic-usage.md#installing-dependencies",
        "This file is @generated automatically"
    ],
    "content-hash": "a85f93984d8c0550b300b1ca2dbe5895",
    "packages": [
        {
            "name": "kokororin/pixiv-api-php",
            "version": "v1.1",
            "source": {
                "type": "git",
                "url": "https://github.com/kokororin/pixiv-api-php.git",
                "reference": "4e807c669f3b93118ad3d4fbef5e31cd1d2508f3"
            },
            "dist": {
                "type": "zip",
                "url": "https://api.github.com/repos/kokororin/pixiv-api-php/zipball/4e807c669f3b93118ad3d4fbef5e31cd1d2508f3",
                "reference": "4e807c669f3b93118ad3d4fbef5e31cd1d2508f3",
                "shasum": ""
            },
            "type": "library",
            "autoload": {
                "files": [
                    "pixiv.php"
                ]
            },
            "notification-url": "https://packagist.org/downloads/",
            "license": [
                "MIT License"
            ],
            "authors": [
                {
                    "name": "Sora",
                    "homepage": "https://github.com/kokororin/pixiv-api-php"
                }
            ],
            "description": "Pixiv API for PHP (with Auth supported) ",
            "homepage": "https://github.com/kokororin/pixiv-api-php",
            "keywords": [
                "Pixiv",
                "api",
                "php"
            ],
            "time": "2016-06-09T06:18:12+00:00"
        }
    ],
    "packages-dev": [],
    "aliases": [],
    "minimum-stability": "stable",
    "stability-flags": [],
    "prefer-stable": false,
    "prefer-lowest": false,
    "platform": [],
    "platform-dev": []
}
